github.com/gohugoio/hugo-mod-jslibs-dist/popperjs/v2 v2.21100.20000 h1:GZxx4Hc+yb0/t3/rau1j8XlAxLE4CyXns2fqQbyqWfs=
github.com/gohugoio/hugo-mod-jslibs-dist/popperjs/v2 v2.21100.20000/go.mod h1:mFberT6ZtcchrsDtfvJM7aAH2bDKLdOnruUHl0hlapI=
github.com/hugolify/hugolify-example-site v1.0.12 h1:AvyOUX+Q+wKzpozz1FSz9NXISffV4TNNOHKk9Th7DJg=
github.com/hugolify/hugolify-example-site v1.0.12/go.mod h1:tvFPv5uMeKzKQQEQmxo2RiceNGSqM3mkMZNxwfhtK9o=
github.com/hugolify/hugolify-netlify-cms v1.2.2 h1:PMlYBUyMwa5uMBaeng9zMX22znGIJEUEiiheifawnHE=
github.com/hugolify/hugolify-netlify-cms v1.2.2/go.mod h1:Q7HNXBxIatKmA+mlG+3HbWUYApZnftOwFz6kevyg/HU=
github.com/hugolify/hugolify-theme v1.5.6 h1:6dloMEZGi3SjddBiD3hhebRIU69jy/U16GV688fuv3E=
github.com/hugolify/hugolify-theme v1.5.6/go.mod h1:yDbH6g0BJAqjueFrZ13u2lC9gWsYuKDFjQirn805zvo=
github.com/hugolify/hugolify-theme-casestudies v1.0.7 h1:4XolOxU7agsOucI73u7+rLDEtTLBk26vkG+yPpCCAeA=
github.com/hugolify/hugolify-theme-casestudies v1.0.7/go.mod h1:qq89c1Emj7lKoWho23RA9X3rPq+8H96mfO8KI5Twr7A=
github.com/hugolify/hugolify-theme-persons v1.1.3 h1:WUToIHVorYHLbsbMF2UJQd7ptRrZ3XUsIPCiGH9APCs=
github.com/hugolify/hugolify-theme-persons v1.1.3/go.mod h1:LjjY/5pEDk2r3URTU8xS7Sango4D4K9ExU0+OaJwOUA=
github.com/hugolify/hugolify-theme-posts v1.1.13 h1:8auVbTvgWMvv5JIExpCYcSFFkus1/8ZZNs+uYmvDaVM=
github.com/hugolify/hugolify-theme-posts v1.1.13/go.mod h1:kSsNH0SQ9TaUdpJ2AsOYfAQt4qiIv0ORGjC4l+XCoqc=
github.com/hugolify/hugolify-theme-posts-authors v1.0.10 h1:epMT9t6N6aNbz63Run8F6Sn3BJ18M2ftKyjAcrgVz5E=
github.com/hugolify/hugolify-theme-posts-authors v1.0.10/go.mod h1:2vuilTf8Vy8jwMtA2fcdvu+tq56KT9niZe62TyH6JQo=
github.com/hugolify/hugolify-theme-posts-categories v1.0.9 h1:8SEXg7AuTw0wE8af03PpJ7qdqjeAkdN4a0Z3zDub2Ho=
github.com/hugolify/hugolify-theme-posts-categories v1.0.9/go.mod h1:BgCFC7+DzBoAiM4B1CrWGCDVzU/UUHnwNIeMc7cqt54=
github.com/hugolify/hugolify-theme-posts-tags v1.0.9 h1:9ZbPr5bgZLtq0vRAVl/WqX8cV7MtCjA3UIIcUAxMP5k=
github.com/hugolify/hugolify-theme-posts-tags v1.0.9/go.mod h1:8Vb9TbKcVvgMTZpHdIp8vyw9loSTcY3q0BNvqv8WpLg=
github.com/hugolify/hugolify-theme-projects v1.1.13 h1:sodtoVq2m8ohlL1ghzwgMfurFM0YlUZb4gZ+vFWuuf4=
github.com/hugolify/hugolify-theme-projects v1.1.13/go.mod h1:DseeRICUC354yaV9BDa6M3AwIeZVKXLnJbFczHCSH+U=
github.com/hugolify/hugolify-theme-projects-tags v1.0.10 h1:iLVzysXLfS/H1EvU5W111+6jTqczvvMAC7/hLqw1+Vg=
github.com/hugolify/hugolify-theme-projects-tags v1.0.10/go.mod h1:qqkCPiuJJxLQrnomqNqmSbwLquISdi3c0mhpvXE1CNU=
github.com/hugolify/hugolify-theme-projects-types v1.0.10 h1:PCYBfGpZKF+oJ/J1xa/PBJywYwrsbAL13LKaKtm1ERs=
github.com/hugolify/hugolify-theme-projects-types v1.0.10/go.mod h1:IFi4jmAY5oXSLTWyK0mcGUDoFzWtgTQB/bQ+gL23MTg=
github.com/hugolify/hugolify-theme-publications v1.1.15 h1:QKPfGl+xvVBzMeEft1ECgE3/NcSqATxseItbORR1v6M=
github.com/hugolify/hugolify-theme-publications v1.1.15/go.mod h1:9hR8/sdinGo6o4DJpZMTdP1I8XYwUUq585WmeU1zwH8=
github.com/hugolify/hugolify-theme-publications-categories v1.0.3 h1:NM+pvbb5heaf5zOts6AYlniwop8KoDBQpjo9K/Xus8A=
github.com/hugolify/hugolify-theme-publications-categories v1.0.3/go.mod h1:NX1zBK520EcoOqDbtg3EifmDxxhWZvrpQopo4QoeN5o=
github.com/hugolify/hugolify-theme-publications-concerned v1.0.9 h1:oqTOMsxzbCXI4V4ssW1GQUW+PItlGXT2InBIbmKo304=
github.com/hugolify/hugolify-theme-publications-concerned v1.0.9/go.mod h1:SAxYCXVsDJ5lUHU/YRrTIVWATehPwdy9a1VHhmUP5dw=
github.com/twbs/bootstrap v5.3.0+incompatible h1:4+staADO0OrqUv77m+XL+vHYojLH9oxb4Vxi9mnIJWg=
github.com/twbs/bootstrap v5.3.0+incompatible/go.mod h1:fZTSrkpSf0/HkL0IIJzvVspTt1r9zuf7XlZau8kpcY0=
