github.com/Splidejs/splide v4.1.3+incompatible h1:ms0c3Tem9Bq7qcr88nLspZi2SW14mYnj4CVuHGqJbzA=
github.com/Splidejs/splide v4.1.3+incompatible/go.mod h1:N10tHuOP81a5HGua3PmZVrpMiBmf/KhId8jZt0oShNk=
github.com/dixonandmoe/rellax v0.0.0-20240824005335-9ed6cb0aae03 h1:TyZM0MK9+09/vGdnH8N9xVFix5f1vzU90V5WCyL16oE=
github.com/dixonandmoe/rellax v0.0.0-20240824005335-9ed6cb0aae03/go.mod h1:CJ8UtS8LPLOSmpvwRkQJkwqOwwXaDfH5S7iG83GKAlY=
github.com/gohugoio/hugo-mod-bootstrap-scss/v5 v5.20300.20800 h1:j5myhhzYwIHTr5ctK96Elfgp5uRROvrlTzYwwe1nF8o=
github.com/gohugoio/hugo-mod-bootstrap-scss/v5 v5.20300.20800/go.mod h1:P5GGyhdxi00C5zW7vkRo/IS532gZY/YS2TS395Xaxho=
github.com/gohugoio/hugo-mod-jslibs-dist/popperjs/v2 v2.21100.20000 h1:GZxx4Hc+yb0/t3/rau1j8XlAxLE4CyXns2fqQbyqWfs=
github.com/gohugoio/hugo-mod-jslibs-dist/popperjs/v2 v2.21100.20000/go.mod h1:mFberT6ZtcchrsDtfvJM7aAH2bDKLdOnruUHl0hlapI=
github.com/hugolify/hugolify-admin v1.0.0 h1:hdZdk4AFS5VaIMkuEGc1VKEKAmDVfxEGghTucav5Jsg=
github.com/hugolify/hugolify-admin v1.0.0/go.mod h1:qB7ndiuXR6XZu3r9UX3LtTHnrMF98U7vJHg6XXb6NvA=
github.com/hugolify/hugolify-admin v1.0.1 h1:cKWNpnacOdKiWMrcaUef4ydJFWY6Alu494yR9AGTgig=
github.com/hugolify/hugolify-admin v1.0.1/go.mod h1:qB7ndiuXR6XZu3r9UX3LtTHnrMF98U7vJHg6XXb6NvA=
github.com/hugolify/hugolify-theme v1.28.0 h1:UMmGS6vq/8cJu+hz0TpmN4+2hn8HTOjzNEhW7od9raQ=
github.com/hugolify/hugolify-theme v1.28.0/go.mod h1:Rc64eJSSIWGeU6eHfSzUISNfL9UrJmy3Xs3H05Gz9rQ=
github.com/hugolify/hugolify-theme-events v0.0.0-20251204141006-641a5339f153 h1:XTSVmPWFZ1xho9vTFHq1X/Km62WpepmKGYK5EkKSoXk=
github.com/hugolify/hugolify-theme-events v0.0.0-20251204141006-641a5339f153/go.mod h1:1nwp1TZ7KAhzUEtOwft3shrnA/EMNwTAsX/XxKpPfvg=
github.com/hugolify/hugolify-theme-events v0.0.0-20260831150355-963e1c5f263a h1:KrOHYsmvQwekOYIADJ+tkhONgcEm6k3rEkHExVyl51U=
github.com/hugolify/hugolify-theme-events v0.0.0-20260831150355-963e1c5f263a/go.mod h1:1nwp1TZ7KAhzUEtOwft3shrnA/EMNwTAsX/XxKpPfvg=
github.com/hugolify/hugolify-theme-events-categories v0.0.0-20251204141003-864bb2a94983 h1:tSx+M096DCOSnpVRdJl9BTFS1jmxcbhdjkWooj2KixI=
github.com/hugolify/hugolify-theme-events-categories v0.0.0-20251204141003-864bb2a94983/go.mod h1:Yz1HSdOSLnAqhXbW1HCK2xyAOuKX6/9BFyM4OOmG0QY=
github.com/hugolify/hugolify-theme-events-categories v0.0.0-20260831150421-761660172c95 h1:q9ufgA/N6MGFu13Xn+IhzpFbsBWlaWUz9fVAQ4Wk61k=
github.com/hugolify/hugolify-theme-events-categories v0.0.0-20260831150421-761660172c95/go.mod h1:Yz1HSdOSLnAqhXbW1HCK2xyAOuKX6/9BFyM4OOmG0QY=
github.com/hugolify/hugolify-theme-events-persons v0.0.0-20260831140346-7b10e4c2292b h1:a8LWsyqsuwZo9QrXRGpTfl9UZRAK+mR9y6VoP78YaQ0=
github.com/hugolify/hugolify-theme-events-persons v0.0.0-20260831140346-7b10e4c2292b/go.mod h1:gA+h8rtKpXxWagC1128qxlbgqSgYSCC/wC0dX73TkCk=
github.com/hugolify/hugolify-theme-events-persons v0.0.0-20260831150458-0603c6ae400f h1:GCRf3yQexI4TRy7H2pXWM9Yso13tWWpRs6HAYwQPvwk=
github.com/hugolify/hugolify-theme-events-persons v0.0.0-20260831150458-0603c6ae400f/go.mod h1:gA+h8rtKpXxWagC1128qxlbgqSgYSCC/wC0dX73TkCk=
github.com/hugolify/hugolify-theme-persons v1.3.26 h1:APxEu7cCSxFPyyE0TGlzRZtKUGL+2P1349tRsOzOnG4=
github.com/hugolify/hugolify-theme-persons v1.3.26/go.mod h1:x6Gk/koepvu90W+Y6W0+F+5qqBx+lpeTZUonZUkCz1w=
github.com/hugolify/hugolify-theme-persons v1.4.0 h1:x0cwz2Uq5eYwzGpMnarnJ2y8hcDYmMN/BctDqsBD4/8=
github.com/hugolify/hugolify-theme-persons v1.4.0/go.mod h1:x6Gk/koepvu90W+Y6W0+F+5qqBx+lpeTZUonZUkCz1w=
github.com/midzer/tobii v3.2.0+incompatible h1:+08xCdrQ8dlXrkBIOJFsIUsfgme4Ou1CUfbqDmeX/Hc=
github.com/midzer/tobii v3.2.0+incompatible/go.mod h1:ByXFkVm8ja2+TXT7L+lfkdEIeHW4IdWdsQO8zJ5mEqA=
github.com/orestbida/cookieconsent v3.1.0+incompatible h1:L2uj16SEL1bICkn6pJde9uc1qAPmTcEiFZO93zZKdQI=
github.com/orestbida/cookieconsent v3.1.0+incompatible/go.mod h1:8N46VI/40AwvzASJDpiwfbu6zylSzKSDZRUVNmVXLxw=
github.com/twbs/bootstrap v5.3.8+incompatible h1:eK1fsXP7R/FWFt+sSNmmvUH9usPocf240nWVw7Dh02o=
github.com/twbs/bootstrap v5.3.8+incompatible/go.mod h1:fZTSrkpSf0/HkL0IIJzvVspTt1r9zuf7XlZau8kpcY0=
github.com/twbs/icons v1.13.1 h1:6bmNXvoeIbvjFWjfbjXg5JGbelLD1haIsMaEIzE9UZI=
github.com/twbs/icons v1.13.1/go.mod h1:GnRlymgVWp5iVJCMa0Me5b6tFyGpVc2bSxPMRGIJmyA=
